
Microsoft Visual Studio Solution File, Format Version 12.00
# Visual Studio 15
VisualStudioVersion = 15.0.28307.1267
MinimumVisualStudioVersion = 10.0.40219.1
Project("{FAE04EC0-301F-11D3-BF4B-00C04F79EFBC}") = "ClientRest_051_MuhammadRifqiFirmansyah", "ClientRest_051_MuhammadRifqiFirmansyah\ClientRest_051_MuhammadRifqiFirmansyah.csproj", "{0E7B0547-7CBF-42C6-8C82-DF8E6A11A773}"
EndProject
Global
	GlobalSection(SolutionConfigurationPlatforms) = preSolution
		Debug|Any CPU = Debug|Any CPU
		Release|Any CPU = Release|Any CPU
	EndGlobalSection
	GlobalSection(ProjectConfigurationPlatforms) = postSolution
		{0E7B0547-7CBF-42C6-8C82-DF8E6A11A773}.Debug|Any CPU.ActiveCfg = Debug|Any CPU
		{0E7B0547-7CBF-42C6-8C82-DF8E6A11A773}.Debug|Any CPU.Build.0 = Debug|Any CPU
		{0E7B0547-7CBF-42C6-8C82-DF8E6A11A773}.Release|Any CPU.ActiveCfg = Release|Any CPU
		{0E7B0547-7CBF-42C6-8C82-DF8E6A11A773}.Release|Any CPU.Build.0 = Release|Any CPU
	EndGlobalSection
	GlobalSection(SolutionProperties) = preSolution
		HideSolutionNode = FALSE
	EndGlobalSection
	GlobalSection(ExtensibilityGlobals) = postSolution
		SolutionGuid = {A95CD8AD-1929-414A-B63D-E37A3EBB7393}
	EndGlobalSection
EndGlobal
